
Microsoft Visual Studio Solution File, Format Version 12.00
# Visual Studio Version 16
VisualStudioVersion = 16.0.32413.511
MinimumVisualStudioVersion = 10.0.40219.1
Project("{FAE04EC0-301F-11D3-BF4B-00C04F79EFBC}") = "GameStore", "GameStore\GameStore.csproj", "{29938021-CC7C-4225-A73F-793040056185}"
EndProject
Global
	GlobalSection(SolutionConfigurationPlatforms) = preSolution
		Debug|Any CPU = Debug|Any CPU
		Release|Any CPU = Release|Any CPU
	EndGlobalSection
	GlobalSection(ProjectConfigurationPlatforms) = postSolution
		{29938021-CC7C-4225-A73F-793040056185}.Debug|Any CPU.ActiveCfg = Debug|Any CPU
		{29938021-CC7C-4225-A73F-793040056185}.Debug|Any CPU.Build.0 = Debug|Any CPU
		{29938021-CC7C-4225-A73F-793040056185}.Release|Any CPU.ActiveCfg = Release|Any CPU
		{29938021-CC7C-4225-A73F-793040056185}.Release|Any CPU.Build.0 = Release|Any CPU
	EndGlobalSection
	GlobalSection(SolutionProperties) = preSolution
		HideSolutionNode = FALSE
	EndGlobalSection
	GlobalSection(ExtensibilityGlobals) = postSolution
		SolutionGuid = {D31D89CE-1B95-48AA-AABF-9E3DF75BCA91}
	EndGlobalSection
EndGlobal
